{
  "name": "weather-backend",
  "version": "1.0.0",
  "description": "Weather Information App Backend using Express and OracleDB",
  "main": "server.js",
  "scripts": {
    "start": "node server.js",
    "dev": "nodemon server.js"
  },
  "keywords": ["weather", "nodejs", "express", "api"],
  "author": "Pranav",
  "license": "ISC",
  "dependencies": {
    "cors": "^2.8.6",
    "express": "^5.2.1",
    "oracledb": "^6.10.0",
    "axios": "^1.6.0",
    "dotenv": "^16.4.0"
  },
  "devDependencies": {
    "nodemon": "^3.0.0"
  }
}
